
Microsoft Visual Studio Solution File, Format Version 11.00
# Visual Studio 2010
Project("{2150E333-8FDC-42A3-9474-1A3956D46DE8}") = "SoapBox", "SoapBox", "{A193112F-A541-4AC5-A50C-0D91FA9CF2E9}"
	ProjectSection(SolutionItems) = preProject
		LICENSE.GPL3.txt = LICENSE.GPL3.txt
		LICENSE.txt = LICENSE.txt
	EndProjectSection
EndProject
Project("{2150E333-8FDC-42A3-9474-1A3956D46DE8}") = "SoapBox.Protocol", "SoapBox.Protocol", "{8D685AC7-4D46-4B45-ABE5-CF89341F2559}"
	ProjectSection(SolutionItems) = preProject
		SoapBox\SoapBox.Protocol\LICENSE.CDDL.txt = SoapBox\SoapBox.Protocol\LICENSE.CDDL.txt
		SoapBox\SoapBox.Protocol\LICENSE.GPL3.txt = SoapBox\SoapBox.Protocol\LICENSE.GPL3.txt
		SoapBox\SoapBox.Protocol\LICENSE.SoapBox.Protocol.txt = SoapBox\SoapBox.Protocol\LICENSE.SoapBox.Protocol.txt
	EndProjectSection
EndProject
Project("{2150E333-8FDC-42A3-9474-1A3956D46DE8}") = "CodeSnippets", "CodeSnippets", "{04E1AF9A-A0F4-49DC-84AF-69C7056EA04A}"
	ProjectSection(SolutionItems) = preProject
		SoapBox\CodeSnippets\License-Core.snippet = SoapBox\CodeSnippets\License-Core.snippet
		SoapBox\CodeSnippets\License-Snap.snippet = SoapBox\CodeSnippets\License-Snap.snippet
		SoapBox\CodeSnippets\SoapBoxChild.snippet = SoapBox\CodeSnippets\SoapBoxChild.snippet
		SoapBox\CodeSnippets\SoapBoxField.snippet = SoapBox\CodeSnippets\SoapBoxField.snippet
		SoapBox\CodeSnippets\SoapBoxNode.snippet = SoapBox\CodeSnippets\SoapBoxNode.snippet
		SoapBox\CodeSnippets\VMProperty.snippet = SoapBox\CodeSnippets\VMProperty.snippet
	EndProjectSection
EndProject
Project("{2150E333-8FDC-42A3-9474-1A3956D46DE8}") = "SoapBox.Snap", "SoapBox.Snap", "{98E3BA07-ED24-4E4B-9FBA-E5E8E09AD807}"
EndProject
Project("{2150E333-8FDC-42A3-9474-1A3956D46DE8}") = "AvalonDock", "AvalonDock", "{F04777FF-7CBC-4D9D-9E69-314418D9A262}"
EndProject
Project("{2150E333-8FDC-42A3-9474-1A3956D46DE8}") = "SoapBox.Core", "SoapBox.Core", "{BD1BB86B-680B-4009-A16B-A3A87CB5B0A2}"
	ProjectSection(SolutionItems) = preProject
		SoapBox\SoapBox.Core\LICENSE.GPL3.txt = SoapBox\SoapBox.Core\LICENSE.GPL3.txt
		SoapBox\SoapBox.Core\LICENSE.LGPL3.txt = SoapBox\SoapBox.Core\LICENSE.LGPL3.txt
		SoapBox\SoapBox.Core\LICENSE.SoapBox.Core.txt = SoapBox\SoapBox.Core\LICENSE.SoapBox.Core.txt
	EndProjectSection
EndProject
Project("{2150E333-8FDC-42A3-9474-1A3956D46DE8}") = "MarkdownSharp", "MarkdownSharp", "{BCDB7FA9-B87B-4E5A-8200-A6BCF8E669AA}"
EndProject
Project("{FAE04EC0-301F-11D3-BF4B-00C04F79EFBC}") = "SoapBox.Protocol.Automation", "SoapBox\SoapBox.Protocol\SoapBox.Protocol.Automation\SoapBox.Protocol.Automation.csproj", "{02F6E901-BCDB-49A2-84E0-49D272DC6004}"
EndProject
Project("{FAE04EC0-301F-11D3-BF4B-00C04F79EFBC}") = "SoapBox.Protocol.Base", "SoapBox\SoapBox.Protocol\SoapBox.Protocol.Base\SoapBox.Protocol.Base.csproj", "{74C35527-CAAA-4829-A07C-C8B360A37172}"
EndProject
Project("{FAE04EC0-301F-11D3-BF4B-00C04F79EFBC}") = "SoapBox.Core.Host", "SoapBox\SoapBox.Core\SoapBox.Core.Host\SoapBox.Core.Host.csproj", "{B2211ECA-B258-4434-B0F2-0F2D114B1744}"
EndProject
Project("{FAE04EC0-301F-11D3-BF4B-00C04F79EFBC}") = "SoapBox.Core.Workbench", "SoapBox\SoapBox.Core\SoapBox.Core.Workbench\SoapBox.Core.Workbench.csproj", "{67ACA6E7-69A1-4D98-BF02-270E7D1F0C2C}"
EndProject
Project("{FAE04EC0-301F-11D3-BF4B-00C04F79EFBC}") = "SoapBox.Core.Contracts", "SoapBox\SoapBox.Core\SoapBox.Core.Contracts\SoapBox.Core.Contracts.csproj", "{FDF772E9-FEF6-487A-B5C7-B64267449CC0}"
EndProject
Project("{FAE04EC0-301F-11D3-BF4B-00C04F79EFBC}") = "AvalonDock", "AvalonDock\AvalonDock\AvalonDock.csproj", "{87E61430-4243-45F2-B74E-0A4C096CEBF3}"
EndProject
Project("{FAE04EC0-301F-11D3-BF4B-00C04F79EFBC}") = "SoapBox.Core.Layout", "SoapBox\SoapBox.Core\SoapBox.Core.Layout\SoapBox.Core.Layout.csproj", "{749E665D-108C-4953-9941-A103A35D9F8E}"
EndProject
Project("{FAE04EC0-301F-11D3-BF4B-00C04F79EFBC}") = "SoapBox.Snap.Contracts", "SoapBox\SoapBox.Snap\SoapBox.Snap.Contracts\SoapBox.Snap.Contracts.csproj", "{EA1DF330-F94C-4753-8822-2B82FCCBAA45}"
EndProject
Project("{FAE04EC0-301F-11D3-BF4B-00C04F79EFBC}") = "SoapBox.Snap.Application", "SoapBox\SoapBox.Snap\SoapBox.Snap.Application\SoapBox.Snap.Application.csproj", "{36590FCC-97D6-43CD-8F1C-50245EA15EB3}"
EndProject
Project("{FAE04EC0-301F-11D3-BF4B-00C04F79EFBC}") = "SoapBox.Core.Logging", "SoapBox\SoapBox.Core\SoapBox.Core.Logging\SoapBox.Core.Logging.csproj", "{B0F3CB4F-CFAC-4EC0-944D-C12311644FEA}"
EndProject
Project("{FAE04EC0-301F-11D3-BF4B-00C04F79EFBC}") = "SoapBox.Core.Options", "SoapBox\SoapBox.Core\SoapBox.Core.Options\SoapBox.Core.Options.csproj", "{2618E868-2D4B-4118-B2AC-2E1CE6D5AC67}"
EndProject
Project("{FAE04EC0-301F-11D3-BF4B-00C04F79EFBC}") = "SoapBox.Core.FileDialog", "SoapBox\SoapBox.Core\SoapBox.Core.FileDialog\SoapBox.Core.FileDialog.csproj", "{090871FB-A08B-4149-9D26-FF9B1F768FDD}"
EndProject
Project("{FAE04EC0-301F-11D3-BF4B-00C04F79EFBC}") = "SoapBox.Core.Messaging", "SoapBox\SoapBox.Core\SoapBox.Core.Messaging\SoapBox.Core.Messaging.csproj", "{BB128CAE-F310-4D00-9DF7-1DE652119FF7}"
EndProject
Project("{FAE04EC0-301F-11D3-BF4B-00C04F79EFBC}") = "SoapBox.Snap.Runtime", "SoapBox\SoapBox.Snap\SoapBox.Snap.Runtime\SoapBox.Snap.Runtime.csproj", "{A984A1CC-3631-4F4F-A0A1-9696F48622DF}"
EndProject
Project("{FAE04EC0-301F-11D3-BF4B-00C04F79EFBC}") = "SoapBox.Utilities", "SoapBox\SoapBox.Utilities\SoapBox.Utilities.csproj", "{28CCC32E-9FEC-40B5-B7A9-299449635464}"
EndProject
Project("{FAE04EC0-301F-11D3-BF4B-00C04F79EFBC}") = "SoapBox.Snap.Phidgets", "SoapBox\SoapBox.Snap\SoapBox.Snap.Phidgets\SoapBox.Snap.Phidgets.csproj", "{D3C39FC4-9B76-448F-A8DE-28D31A72AF25}"
EndProject
Project("{FAE04EC0-301F-11D3-BF4B-00C04F79EFBC}") = "SoapBox.Snap.LD", "SoapBox\SoapBox.Snap\SoapBox.Snap.LD\SoapBox.Snap.LD.csproj", "{D000E475-80AC-4EF6-B082-3EB0F1CD90B7}"
EndProject
Project("{FAE04EC0-301F-11D3-BF4B-00C04F79EFBC}") = "SoapBox.Snap.MarkdownUtility", "SoapBox\SoapBox.Snap\SoapBox.Snap.MarkdownUtility\SoapBox.Snap.MarkdownUtility.csproj", "{B66B4B03-2569-4800-BABB-E55435171452}"
EndProject
Project("{FAE04EC0-301F-11D3-BF4B-00C04F79EFBC}") = "MarkdownSharp", "MarkdownSharp\MarkdownSharp.csproj", "{37619116-CCE8-465A-8B1F-081CA53364BB}"
EndProject
Project("{FAE04EC0-301F-11D3-BF4B-00C04F79EFBC}") = "SoapBox.Snap.LD.Contracts", "SoapBox\SoapBox.Snap\SoapBox.Snap.LD.Contracts\SoapBox.Snap.LD.Contracts.csproj", "{7E37070F-1CCE-4D83-981B-45192FE02045}"
EndProject
Project("{FAE04EC0-301F-11D3-BF4B-00C04F79EFBC}") = "SoapBox.Snap.Runtime.Contracts", "SoapBox\SoapBox.Snap\SoapBox.Snap.Runtime.Contracts\SoapBox.Snap.Runtime.Contracts.csproj", "{F650E89E-4AB4-4491-A5A0-23F7550B123D}"
EndProject
Project("{FAE04EC0-301F-11D3-BF4B-00C04F79EFBC}") = "SoapBox.Snap.Runtime.Service", "SoapBox\SoapBox.Snap\SoapBox.Snap.Runtime.Service\SoapBox.Snap.Runtime.Service.csproj", "{EEF4EED0-E37C-403A-BC6E-B10C18C38B7A}"
EndProject
Project("{FAE04EC0-301F-11D3-BF4B-00C04F79EFBC}") = "SoapBox.Snap.Twitter", "SoapBox\SoapBox.Snap\SoapBox.Snap.Twitter\SoapBox.Snap.Twitter.csproj", "{DAA8B359-7920-4BD1-8EDF-A41ADD71E136}"
EndProject
Project("{54435603-DBB4-11D2-8724-00A0C9A8B90C}") = "SoapBox.Snap.Setup", "SoapBox\SoapBox.Snap\SoapBox.Snap.Setup\SoapBox.Snap.Setup.vdproj", "{8D1B6D4A-BB2B-4D26-8C96-4823786A1991}"
EndProject
Project("{FAE04EC0-301F-11D3-BF4B-00C04F79EFBC}") = "SoapBox.Snap.GameControllers", "SoapBox\SoapBox.Snap\SoapBox.Snap.GameControllers\SoapBox.Snap.GameControllers.csproj", "{BB522E3A-69B7-4631-83C4-7022289941D2}"
EndProject
Global
	GlobalSection(TestCaseManagementSettings) = postSolution
		CategoryFile = SoapBox.Snap.vsmdi
	EndGlobalSection
	GlobalSection(SolutionConfigurationPlatforms) = preSolution
		Debug|Any CPU = Debug|Any CPU
		Debug|x86 = Debug|x86
		Release|Any CPU = Release|Any CPU
		Release|x86 = Release|x86
	EndGlobalSection
	GlobalSection(ProjectConfigurationPlatforms) = postSolution
		{02F6E901-BCDB-49A2-84E0-49D272DC6004}.Debug|Any CPU.ActiveCfg = Debug|Any CPU
		{02F6E901-BCDB-49A2-84E0-49D272DC6004}.Debug|Any CPU.Build.0 = Debug|Any CPU
		{02F6E901-BCDB-49A2-84E0-49D272DC6004}.Debug|x86.ActiveCfg = Debug|x86
		{02F6E901-BCDB-49A2-84E0-49D272DC6004}.Debug|x86.Build.0 = Debug|x86
		{02F6E901-BCDB-49A2-84E0-49D272DC6004}.Release|Any CPU.ActiveCfg = Release|Any CPU
		{02F6E901-BCDB-49A2-84E0-49D272DC6004}.Release|Any CPU.Build.0 = Release|Any CPU
		{02F6E901-BCDB-49A2-84E0-49D272DC6004}.Release|x86.ActiveCfg = Release|x86
		{02F6E901-BCDB-49A2-84E0-49D272DC6004}.Release|x86.Build.0 = Release|x86
		{74C35527-CAAA-4829-A07C-C8B360A37172}.Debug|Any CPU.ActiveCfg = Debug|Any CPU
		{74C35527-CAAA-4829-A07C-C8B360A37172}.Debug|Any CPU.Build.0 = Debug|Any CPU
		{74C35527-CAAA-4829-A07C-C8B360A37172}.Debug|x86.ActiveCfg = Debug|x86
		{74C35527-CAAA-4829-A07C-C8B360A37172}.Debug|x86.Build.0 = Debug|x86
		{74C35527-CAAA-4829-A07C-C8B360A37172}.Release|Any CPU.ActiveCfg = Release|Any CPU
		{74C35527-CAAA-4829-A07C-C8B360A37172}.Release|Any CPU.Build.0 = Release|Any CPU
		{74C35527-CAAA-4829-A07C-C8B360A37172}.Release|x86.ActiveCfg = Release|x86
		{74C35527-CAAA-4829-A07C-C8B360A37172}.Release|x86.Build.0 = Release|x86
		{B2211ECA-B258-4434-B0F2-0F2D114B1744}.Debug|Any CPU.ActiveCfg = Debug|Any CPU
		{B2211ECA-B258-4434-B0F2-0F2D114B1744}.Debug|Any CPU.Build.0 = Debug|Any CPU
		{B2211ECA-B258-4434-B0F2-0F2D114B1744}.Debug|x86.ActiveCfg = Debug|x86
		{B2211ECA-B258-4434-B0F2-0F2D114B1744}.Debug|x86.Build.0 = Debug|x86
		{B2211ECA-B258-4434-B0F2-0F2D114B1744}.Release|Any CPU.ActiveCfg = Release|Any CPU
		{B2211ECA-B258-4434-B0F2-0F2D114B1744}.Release|Any CPU.Build.0 = Release|Any CPU
		{B2211ECA-B258-4434-B0F2-0F2D114B1744}.Release|x86.ActiveCfg = Release|x86
		{B2211ECA-B258-4434-B0F2-0F2D114B1744}.Release|x86.Build.0 = Release|x86
		{67ACA6E7-69A1-4D98-BF02-270E7D1F0C2C}.Debug|Any CPU.ActiveCfg = Debug|Any CPU
		{67ACA6E7-69A1-4D98-BF02-270E7D1F0C2C}.Debug|Any CPU.Build.0 = Debug|Any CPU
		{67ACA6E7-69A1-4D98-BF02-270E7D1F0C2C}.Debug|x86.ActiveCfg = Debug|x86
		{67ACA6E7-69A1-4D98-BF02-270E7D1F0C2C}.Debug|x86.Build.0 = Debug|x86
		{67ACA6E7-69A1-4D98-BF02-270E7D1F0C2C}.Release|Any CPU.ActiveCfg = Release|Any CPU
		{67ACA6E7-69A1-4D98-BF02-270E7D1F0C2C}.Release|Any CPU.Build.0 = Release|Any CPU
		{67ACA6E7-69A1-4D98-BF02-270E7D1F0C2C}.Release|x86.ActiveCfg = Release|x86
		{67ACA6E7-69A1-4D98-BF02-270E7D1F0C2C}.Release|x86.Build.0 = Release|x86
		{FDF772E9-FEF6-487A-B5C7-B64267449CC0}.Debug|Any CPU.ActiveCfg = Debug|Any CPU
		{FDF772E9-FEF6-487A-B5C7-B64267449CC0}.Debug|Any CPU.Build.0 = Debug|Any CPU
		{FDF772E9-FEF6-487A-B5C7-B64267449CC0}.Debug|x86.ActiveCfg = Debug|x86
		{FDF772E9-FEF6-487A-B5C7-B64267449CC0}.Debug|x86.Build.0 = Debug|x86
		{FDF772E9-FEF6-487A-B5C7-B64267449CC0}.Release|Any CPU.ActiveCfg = Release|Any CPU
		{FDF772E9-FEF6-487A-B5C7-B64267449CC0}.Release|Any CPU.Build.0 = Release|Any CPU
		{FDF772E9-FEF6-487A-B5C7-B64267449CC0}.Release|x86.ActiveCfg = Release|x86
		{FDF772E9-FEF6-487A-B5C7-B64267449CC0}.Release|x86.Build.0 = Release|x86
		{87E61430-4243-45F2-B74E-0A4C096CEBF3}.Debug|Any CPU.ActiveCfg = Debug|Any CPU
		{87E61430-4243-45F2-B74E-0A4C096CEBF3}.Debug|Any CPU.Build.0 = Debug|Any CPU
		{87E61430-4243-45F2-B74E-0A4C096CEBF3}.Debug|x86.ActiveCfg = Debug|x86
		{87E61430-4243-45F2-B74E-0A4C096CEBF3}.Debug|x86.Build.0 = Debug|x86
		{87E61430-4243-45F2-B74E-0A4C096CEBF3}.Release|Any CPU.ActiveCfg = Release|Any CPU
		{87E61430-4243-45F2-B74E-0A4C096CEBF3}.Release|Any CPU.Build.0 = Release|Any CPU
		{87E61430-4243-45F2-B74E-0A4C096CEBF3}.Release|x86.ActiveCfg = Release|x86
		{87E61430-4243-45F2-B74E-0A4C096CEBF3}.Release|x86.Build.0 = Release|x86
		{749E665D-108C-4953-9941-A103A35D9F8E}.Debug|Any CPU.ActiveCfg = Debug|Any CPU
		{749E665D-108C-4953-9941-A103A35D9F8E}.Debug|Any CPU.Build.0 = Debug|Any CPU
		{749E665D-108C-4953-9941-A103A35D9F8E}.Debug|x86.ActiveCfg = Debug|x86
		{749E665D-108C-4953-9941-A103A35D9F8E}.Debug|x86.Build.0 = Debug|x86
		{749E665D-108C-4953-9941-A103A35D9F8E}.Release|Any CPU.ActiveCfg = Release|Any CPU
		{749E665D-108C-4953-9941-A103A35D9F8E}.Release|Any CPU.Build.0 = Release|Any CPU
		{749E665D-108C-4953-9941-A103A35D9F8E}.Release|x86.ActiveCfg = Release|x86
		{749E665D-108C-4953-9941-A103A35D9F8E}.Release|x86.Build.0 = Release|x86
		{EA1DF330-F94C-4753-8822-2B82FCCBAA45}.Debug|Any CPU.ActiveCfg = Debug|Any CPU
		{EA1DF330-F94C-4753-8822-2B82FCCBAA45}.Debug|Any CPU.Build.0 = Debug|Any CPU
		{EA1DF330-F94C-4753-8822-2B82FCCBAA45}.Debug|x86.ActiveCfg = Debug|x86
		{EA1DF330-F94C-4753-8822-2B82FCCBAA45}.Debug|x86.Build.0 = Debug|x86
		{EA1DF330-F94C-4753-8822-2B82FCCBAA45}.Release|Any CPU.ActiveCfg = Release|Any CPU
		{EA1DF330-F94C-4753-8822-2B82FCCBAA45}.Release|Any CPU.Build.0 = Release|Any CPU
		{EA1DF330-F94C-4753-8822-2B82FCCBAA45}.Release|x86.ActiveCfg = Release|x86
		{EA1DF330-F94C-4753-8822-2B82FCCBAA45}.Release|x86.Build.0 = Release|x86
		{36590FCC-97D6-43CD-8F1C-50245EA15EB3}.Debug|Any CPU.ActiveCfg = Debug|Any CPU
		{36590FCC-97D6-43CD-8F1C-50245EA15EB3}.Debug|Any CPU.Build.0 = Debug|Any CPU
		{36590FCC-97D6-43CD-8F1C-50245EA15EB3}.Debug|x86.ActiveCfg = Debug|x86
		{36590FCC-97D6-43CD-8F1C-50245EA15EB3}.Debug|x86.Build.0 = Debug|x86
		{36590FCC-97D6-43CD-8F1C-50245EA15EB3}.Release|Any CPU.ActiveCfg = Release|Any CPU
		{36590FCC-97D6-43CD-8F1C-50245EA15EB3}.Release|Any CPU.Build.0 = Release|Any CPU
		{36590FCC-97D6-43CD-8F1C-50245EA15EB3}.Release|x86.ActiveCfg = Release|x86
		{36590FCC-97D6-43CD-8F1C-50245EA15EB3}.Release|x86.Build.0 = Release|x86
		{B0F3CB4F-CFAC-4EC0-944D-C12311644FEA}.Debug|Any CPU.ActiveCfg = Debug|Any CPU
		{B0F3CB4F-CFAC-4EC0-944D-C12311644FEA}.Debug|Any CPU.Build.0 = Debug|Any CPU
		{B0F3CB4F-CFAC-4EC0-944D-C12311644FEA}.Debug|x86.ActiveCfg = Debug|x86
		{B0F3CB4F-CFAC-4EC0-944D-C12311644FEA}.Debug|x86.Build.0 = Debug|x86
		{B0F3CB4F-CFAC-4EC0-944D-C12311644FEA}.Release|Any CPU.ActiveCfg = Release|Any CPU
		{B0F3CB4F-CFAC-4EC0-944D-C12311644FEA}.Release|Any CPU.Build.0 = Release|Any CPU
		{B0F3CB4F-CFAC-4EC0-944D-C12311644FEA}.Release|x86.ActiveCfg = Release|x86
		{B0F3CB4F-CFAC-4EC0-944D-C12311644FEA}.Release|x86.Build.0 = Release|x86
		{2618E868-2D4B-4118-B2AC-2E1CE6D5AC67}.Debug|Any CPU.ActiveCfg = Debug|Any CPU
		{2618E868-2D4B-4118-B2AC-2E1CE6D5AC67}.Debug|Any CPU.Build.0 = Debug|Any CPU
		{2618E868-2D4B-4118-B2AC-2E1CE6D5AC67}.Debug|x86.ActiveCfg = Debug|x86
		{2618E868-2D4B-4118-B2AC-2E1CE6D5AC67}.Debug|x86.Build.0 = Debug|x86
		{2618E868-2D4B-4118-B2AC-2E1CE6D5AC67}.Release|Any CPU.ActiveCfg = Release|Any CPU
		{2618E868-2D4B-4118-B2AC-2E1CE6D5AC67}.Release|Any CPU.Build.0 = Release|Any CPU
		{2618E868-2D4B-4118-B2AC-2E1CE6D5AC67}.Release|x86.ActiveCfg = Release|x86
		{2618E868-2D4B-4118-B2AC-2E1CE6D5AC67}.Release|x86.Build.0 = Release|x86
		{090871FB-A08B-4149-9D26-FF9B1F768FDD}.Debug|Any CPU.ActiveCfg = Debug|Any CPU
		{090871FB-A08B-4149-9D26-FF9B1F768FDD}.Debug|Any CPU.Build.0 = Debug|Any CPU
		{090871FB-A08B-4149-9D26-FF9B1F768FDD}.Debug|x86.ActiveCfg = Debug|x86
		{090871FB-A08B-4149-9D26-FF9B1F768FDD}.Debug|x86.Build.0 = Debug|x86
		{090871FB-A08B-4149-9D26-FF9B1F768FDD}.Release|Any CPU.ActiveCfg = Release|Any CPU
		{090871FB-A08B-4149-9D26-FF9B1F768FDD}.Release|Any CPU.Build.0 = Release|Any CPU
		{090871FB-A08B-4149-9D26-FF9B1F768FDD}.Release|x86.ActiveCfg = Release|x86
		{090871FB-A08B-4149-9D26-FF9B1F768FDD}.Release|x86.Build.0 = Release|x86
		{BB128CAE-F310-4D00-9DF7-1DE652119FF7}.Debug|Any CPU.ActiveCfg = Debug|Any CPU
		{BB128CAE-F310-4D00-9DF7-1DE652119FF7}.Debug|Any CPU.Build.0 = Debug|Any CPU
		{BB128CAE-F310-4D00-9DF7-1DE652119FF7}.Debug|x86.ActiveCfg = Debug|x86
		{BB128CAE-F310-4D00-9DF7-1DE652119FF7}.Debug|x86.Build.0 = Debug|x86
		{BB128CAE-F310-4D00-9DF7-1DE652119FF7}.Release|Any CPU.ActiveCfg = Release|Any CPU
		{BB128CAE-F310-4D00-9DF7-1DE652119FF7}.Release|Any CPU.Build.0 = Release|Any CPU
		{BB128CAE-F310-4D00-9DF7-1DE652119FF7}.Release|x86.ActiveCfg = Release|x86
		{BB128CAE-F310-4D00-9DF7-1DE652119FF7}.Release|x86.Build.0 = Release|x86
		{A984A1CC-3631-4F4F-A0A1-9696F48622DF}.Debug|Any CPU.ActiveCfg = Debug|Any CPU
		{A984A1CC-3631-4F4F-A0A1-9696F48622DF}.Debug|Any CPU.Build.0 = Debug|Any CPU
		{A984A1CC-3631-4F4F-A0A1-9696F48622DF}.Debug|x86.ActiveCfg = Debug|x86
		{A984A1CC-3631-4F4F-A0A1-9696F48622DF}.Debug|x86.Build.0 = Debug|x86
		{A984A1CC-3631-4F4F-A0A1-9696F48622DF}.Release|Any CPU.ActiveCfg = Release|Any CPU
		{A984A1CC-3631-4F4F-A0A1-9696F48622DF}.Release|Any CPU.Build.0 = Release|Any CPU
		{A984A1CC-3631-4F4F-A0A1-9696F48622DF}.Release|x86.ActiveCfg = Release|x86
		{A984A1CC-3631-4F4F-A0A1-9696F48622DF}.Release|x86.Build.0 = Release|x86
		{28CCC32E-9FEC-40B5-B7A9-299449635464}.Debug|Any CPU.ActiveCfg = Debug|Any CPU
		{28CCC32E-9FEC-40B5-B7A9-299449635464}.Debug|Any CPU.Build.0 = Debug|Any CPU
		{28CCC32E-9FEC-40B5-B7A9-299449635464}.Debug|x86.ActiveCfg = Debug|x86
		{28CCC32E-9FEC-40B5-B7A9-299449635464}.Debug|x86.Build.0 = Debug|x86
		{28CCC32E-9FEC-40B5-B7A9-299449635464}.Release|Any CPU.ActiveCfg = Release|Any CPU
		{28CCC32E-9FEC-40B5-B7A9-299449635464}.Release|Any CPU.Build.0 = Release|Any CPU
		{28CCC32E-9FEC-40B5-B7A9-299449635464}.Release|x86.ActiveCfg = Release|x86
		{28CCC32E-9FEC-40B5-B7A9-299449635464}.Release|x86.Build.0 = Release|x86
		{D3C39FC4-9B76-448F-A8DE-28D31A72AF25}.Debug|Any CPU.ActiveCfg = Debug|Any CPU
		{D3C39FC4-9B76-448F-A8DE-28D31A72AF25}.Debug|Any CPU.Build.0 = Debug|Any CPU
		{D3C39FC4-9B76-448F-A8DE-28D31A72AF25}.Debug|x86.ActiveCfg = Debug|x86
		{D3C39FC4-9B76-448F-A8DE-28D31A72AF25}.Debug|x86.Build.0 = Debug|x86
		{D3C39FC4-9B76-448F-A8DE-28D31A72AF25}.Release|Any CPU.ActiveCfg = Release|Any CPU
		{D3C39FC4-9B76-448F-A8DE-28D31A72AF25}.Release|Any CPU.Build.0 = Release|Any CPU
		{D3C39FC4-9B76-448F-A8DE-28D31A72AF25}.Release|x86.ActiveCfg = Release|x86
		{D3C39FC4-9B76-448F-A8DE-28D31A72AF25}.Release|x86.Build.0 = Release|x86
		{D000E475-80AC-4EF6-B082-3EB0F1CD90B7}.Debug|Any CPU.ActiveCfg = Debug|Any CPU
		{D000E475-80AC-4EF6-B082-3EB0F1CD90B7}.Debug|Any CPU.Build.0 = Debug|Any CPU
		{D000E475-80AC-4EF6-B082-3EB0F1CD90B7}.Debug|x86.ActiveCfg = Debug|x86
		{D000E475-80AC-4EF6-B082-3EB0F1CD90B7}.Debug|x86.Build.0 = Debug|x86
		{D000E475-80AC-4EF6-B082-3EB0F1CD90B7}.Release|Any CPU.ActiveCfg = Release|Any CPU
		{D000E475-80AC-4EF6-B082-3EB0F1CD90B7}.Release|Any CPU.Build.0 = Release|Any CPU
		{D000E475-80AC-4EF6-B082-3EB0F1CD90B7}.Release|x86.ActiveCfg = Release|x86
		{D000E475-80AC-4EF6-B082-3EB0F1CD90B7}.Release|x86.Build.0 = Release|x86
		{B66B4B03-2569-4800-BABB-E55435171452}.Debug|Any CPU.ActiveCfg = Debug|Any CPU
		{B66B4B03-2569-4800-BABB-E55435171452}.Debug|Any CPU.Build.0 = Debug|Any CPU
		{B66B4B03-2569-4800-BABB-E55435171452}.Debug|x86.ActiveCfg = Debug|x86
		{B66B4B03-2569-4800-BABB-E55435171452}.Debug|x86.Build.0 = Debug|x86
		{B66B4B03-2569-4800-BABB-E55435171452}.Release|Any CPU.ActiveCfg = Release|Any CPU
		{B66B4B03-2569-4800-BABB-E55435171452}.Release|Any CPU.Build.0 = Release|Any CPU
		{B66B4B03-2569-4800-BABB-E55435171452}.Release|x86.ActiveCfg = Release|x86
		{B66B4B03-2569-4800-BABB-E55435171452}.Release|x86.Build.0 = Release|x86
		{37619116-CCE8-465A-8B1F-081CA53364BB}.Debug|Any CPU.ActiveCfg = Debug|Any CPU
		{37619116-CCE8-465A-8B1F-081CA53364BB}.Debug|Any CPU.Build.0 = Debug|Any CPU
		{37619116-CCE8-465A-8B1F-081CA53364BB}.Debug|x86.ActiveCfg = Debug|x86
		{37619116-CCE8-465A-8B1F-081CA53364BB}.Debug|x86.Build.0 = Debug|x86
		{37619116-CCE8-465A-8B1F-081CA53364BB}.Release|Any CPU.ActiveCfg = Release|Any CPU
		{37619116-CCE8-465A-8B1F-081CA53364BB}.Release|Any CPU.Build.0 = Release|Any CPU
		{37619116-CCE8-465A-8B1F-081CA53364BB}.Release|x86.ActiveCfg = Release|x86
		{37619116-CCE8-465A-8B1F-081CA53364BB}.Release|x86.Build.0 = Release|x86
		{7E37070F-1CCE-4D83-981B-45192FE02045}.Debug|Any CPU.ActiveCfg = Debug|Any CPU
		{7E37070F-1CCE-4D83-981B-45192FE02045}.Debug|Any CPU.Build.0 = Debug|Any CPU
		{7E37070F-1CCE-4D83-981B-45192FE02045}.Debug|x86.ActiveCfg = Debug|x86
		{7E37070F-1CCE-4D83-981B-45192FE02045}.Debug|x86.Build.0 = Debug|x86
		{7E37070F-1CCE-4D83-981B-45192FE02045}.Release|Any CPU.ActiveCfg = Release|Any CPU
		{7E37070F-1CCE-4D83-981B-45192FE02045}.Release|Any CPU.Build.0 = Release|Any CPU
		{7E37070F-1CCE-4D83-981B-45192FE02045}.Release|x86.ActiveCfg = Release|x86
		{7E37070F-1CCE-4D83-981B-45192FE02045}.Release|x86.Build.0 = Release|x86
		{F650E89E-4AB4-4491-A5A0-23F7550B123D}.Debug|Any CPU.ActiveCfg = Debug|Any CPU
		{F650E89E-4AB4-4491-A5A0-23F7550B123D}.Debug|Any CPU.Build.0 = Debug|Any CPU
		{F650E89E-4AB4-4491-A5A0-23F7550B123D}.Debug|x86.ActiveCfg = Debug|x86
		{F650E89E-4AB4-4491-A5A0-23F7550B123D}.Debug|x86.Build.0 = Debug|x86
		{F650E89E-4AB4-4491-A5A0-23F7550B123D}.Release|Any CPU.ActiveCfg = Release|Any CPU
		{F650E89E-4AB4-4491-A5A0-23F7550B123D}.Release|Any CPU.Build.0 = Release|Any CPU
		{F650E89E-4AB4-4491-A5A0-23F7550B123D}.Release|x86.ActiveCfg = Release|x86
		{F650E89E-4AB4-4491-A5A0-23F7550B123D}.Release|x86.Build.0 = Release|x86
		{EEF4EED0-E37C-403A-BC6E-B10C18C38B7A}.Debug|Any CPU.ActiveCfg = Debug|Any CPU
		{EEF4EED0-E37C-403A-BC6E-B10C18C38B7A}.Debug|Any CPU.Build.0 = Debug|Any CPU
		{EEF4EED0-E37C-403A-BC6E-B10C18C38B7A}.Debug|x86.ActiveCfg = Debug|x86
		{EEF4EED0-E37C-403A-BC6E-B10C18C38B7A}.Debug|x86.Build.0 = Debug|x86
		{EEF4EED0-E37C-403A-BC6E-B10C18C38B7A}.Release|Any CPU.ActiveCfg = Release|Any CPU
		{EEF4EED0-E37C-403A-BC6E-B10C18C38B7A}.Release|Any CPU.Build.0 = Release|Any CPU
		{EEF4EED0-E37C-403A-BC6E-B10C18C38B7A}.Release|x86.ActiveCfg = Release|x86
		{EEF4EED0-E37C-403A-BC6E-B10C18C38B7A}.Release|x86.Build.0 = Release|x86
		{DAA8B359-7920-4BD1-8EDF-A41ADD71E136}.Debug|Any CPU.ActiveCfg = Debug|Any CPU
		{DAA8B359-7920-4BD1-8EDF-A41ADD71E136}.Debug|Any CPU.Build.0 = Debug|Any CPU
		{DAA8B359-7920-4BD1-8EDF-A41ADD71E136}.Debug|x86.ActiveCfg = Debug|Any CPU
		{DAA8B359-7920-4BD1-8EDF-A41ADD71E136}.Release|Any CPU.ActiveCfg = Release|Any CPU
		{DAA8B359-7920-4BD1-8EDF-A41ADD71E136}.Release|Any CPU.Build.0 = Release|Any CPU
		{DAA8B359-7920-4BD1-8EDF-A41ADD71E136}.Release|x86.ActiveCfg = Release|x86
		{DAA8B359-7920-4BD1-8EDF-A41ADD71E136}.Release|x86.Build.0 = Release|x86
		{8D1B6D4A-BB2B-4D26-8C96-4823786A1991}.Debug|Any CPU.ActiveCfg = Debug
		{8D1B6D4A-BB2B-4D26-8C96-4823786A1991}.Debug|x86.ActiveCfg = Debug
		{8D1B6D4A-BB2B-4D26-8C96-4823786A1991}.Release|Any CPU.ActiveCfg = Release
		{8D1B6D4A-BB2B-4D26-8C96-4823786A1991}.Release|Any CPU.Build.0 = Release
		{8D1B6D4A-BB2B-4D26-8C96-4823786A1991}.Release|x86.ActiveCfg = Release
		{8D1B6D4A-BB2B-4D26-8C96-4823786A1991}.Release|x86.Build.0 = Release
		{BB522E3A-69B7-4631-83C4-7022289941D2}.Debug|Any CPU.ActiveCfg = Debug|Any CPU
		{BB522E3A-69B7-4631-83C4-7022289941D2}.Debug|Any CPU.Build.0 = Debug|Any CPU
		{BB522E3A-69B7-4631-83C4-7022289941D2}.Debug|x86.ActiveCfg = Debug|Any CPU
		{BB522E3A-69B7-4631-83C4-7022289941D2}.Release|Any CPU.ActiveCfg = Release|x86
		{BB522E3A-69B7-4631-83C4-7022289941D2}.Release|Any CPU.Build.0 = Release|x86
		{BB522E3A-69B7-4631-83C4-7022289941D2}.Release|x86.ActiveCfg = Release|x86
		{BB522E3A-69B7-4631-83C4-7022289941D2}.Release|x86.Build.0 = Release|x86
	EndGlobalSection
	GlobalSection(SolutionProperties) = preSolution
		HideSolutionNode = FALSE
	EndGlobalSection
	GlobalSection(NestedProjects) = preSolution
		{8D685AC7-4D46-4B45-ABE5-CF89341F2559} = {A193112F-A541-4AC5-A50C-0D91FA9CF2E9}
		{04E1AF9A-A0F4-49DC-84AF-69C7056EA04A} = {A193112F-A541-4AC5-A50C-0D91FA9CF2E9}
		{98E3BA07-ED24-4E4B-9FBA-E5E8E09AD807} = {A193112F-A541-4AC5-A50C-0D91FA9CF2E9}
		{BD1BB86B-680B-4009-A16B-A3A87CB5B0A2} = {A193112F-A541-4AC5-A50C-0D91FA9CF2E9}
		{28CCC32E-9FEC-40B5-B7A9-299449635464} = {A193112F-A541-4AC5-A50C-0D91FA9CF2E9}
		{02F6E901-BCDB-49A2-84E0-49D272DC6004} = {8D685AC7-4D46-4B45-ABE5-CF89341F2559}
		{74C35527-CAAA-4829-A07C-C8B360A37172} = {8D685AC7-4D46-4B45-ABE5-CF89341F2559}
		{EA1DF330-F94C-4753-8822-2B82FCCBAA45} = {98E3BA07-ED24-4E4B-9FBA-E5E8E09AD807}
		{36590FCC-97D6-43CD-8F1C-50245EA15EB3} = {98E3BA07-ED24-4E4B-9FBA-E5E8E09AD807}
		{A984A1CC-3631-4F4F-A0A1-9696F48622DF} = {98E3BA07-ED24-4E4B-9FBA-E5E8E09AD807}
		{D3C39FC4-9B76-448F-A8DE-28D31A72AF25} = {98E3BA07-ED24-4E4B-9FBA-E5E8E09AD807}
		{D000E475-80AC-4EF6-B082-3EB0F1CD90B7} = {98E3BA07-ED24-4E4B-9FBA-E5E8E09AD807}
		{B66B4B03-2569-4800-BABB-E55435171452} = {98E3BA07-ED24-4E4B-9FBA-E5E8E09AD807}
		{7E37070F-1CCE-4D83-981B-45192FE02045} = {98E3BA07-ED24-4E4B-9FBA-E5E8E09AD807}
		{F650E89E-4AB4-4491-A5A0-23F7550B123D} = {98E3BA07-ED24-4E4B-9FBA-E5E8E09AD807}
		{EEF4EED0-E37C-403A-BC6E-B10C18C38B7A} = {98E3BA07-ED24-4E4B-9FBA-E5E8E09AD807}
		{DAA8B359-7920-4BD1-8EDF-A41ADD71E136} = {98E3BA07-ED24-4E4B-9FBA-E5E8E09AD807}
		{8D1B6D4A-BB2B-4D26-8C96-4823786A1991} = {98E3BA07-ED24-4E4B-9FBA-E5E8E09AD807}
		{BB522E3A-69B7-4631-83C4-7022289941D2} = {98E3BA07-ED24-4E4B-9FBA-E5E8E09AD807}
		{87E61430-4243-45F2-B74E-0A4C096CEBF3} = {F04777FF-7CBC-4D9D-9E69-314418D9A262}
		{B2211ECA-B258-4434-B0F2-0F2D114B1744} = {BD1BB86B-680B-4009-A16B-A3A87CB5B0A2}
		{67ACA6E7-69A1-4D98-BF02-270E7D1F0C2C} = {BD1BB86B-680B-4009-A16B-A3A87CB5B0A2}
		{FDF772E9-FEF6-487A-B5C7-B64267449CC0} = {BD1BB86B-680B-4009-A16B-A3A87CB5B0A2}
		{749E665D-108C-4953-9941-A103A35D9F8E} = {BD1BB86B-680B-4009-A16B-A3A87CB5B0A2}
		{B0F3CB4F-CFAC-4EC0-944D-C12311644FEA} = {BD1BB86B-680B-4009-A16B-A3A87CB5B0A2}
		{2618E868-2D4B-4118-B2AC-2E1CE6D5AC67} = {BD1BB86B-680B-4009-A16B-A3A87CB5B0A2}
		{090871FB-A08B-4149-9D26-FF9B1F768FDD} = {BD1BB86B-680B-4009-A16B-A3A87CB5B0A2}
		{BB128CAE-F310-4D00-9DF7-1DE652119FF7} = {BD1BB86B-680B-4009-A16B-A3A87CB5B0A2}
		{37619116-CCE8-465A-8B1F-081CA53364BB} = {BCDB7FA9-B87B-4E5A-8200-A6BCF8E669AA}
	EndGlobalSection
EndGlobal
